
Microsoft Visual Studio Solution File, Format Version 12.00
# Visual Studio Version 17
VisualStudioVersion = 17.5.33530.505
MinimumVisualStudioVersion = 10.0.40219.1
Project("{FAE04EC0-301F-11D3-BF4B-00C04F79EFBC}") = "Lab_8_OOP", "Lab_8_OOP\Lab_8_OOP.csproj", "{10887981-A684-4559-8B49-5CA182CCD58C}"
EndProject
Project("{FAE04EC0-301F-11D3-BF4B-00C04F79EFBC}") = "TestTriangle", "TestTriangle\TestTriangle.csproj", "{973E0856-C51F-4C45-8801-CA636ADCED5E}"
EndProject
Global
	GlobalSection(SolutionConfigurationPlatforms) = preSolution
		Debug|Any CPU = Debug|Any CPU
		Release|Any CPU = Release|Any CPU
	EndGlobalSection
	GlobalSection(ProjectConfigurationPlatforms) = postSolution
		{10887981-A684-4559-8B49-5CA182CCD58C}.Debug|Any CPU.ActiveCfg = Debug|Any CPU
		{10887981-A684-4559-8B49-5CA182CCD58C}.Debug|Any CPU.Build.0 = Debug|Any CPU
		{10887981-A684-4559-8B49-5CA182CCD58C}.Release|Any CPU.ActiveCfg = Release|Any CPU
		{10887981-A684-4559-8B49-5CA182CCD58C}.Release|Any CPU.Build.0 = Release|Any CPU
		{973E0856-C51F-4C45-8801-CA636ADCED5E}.Debug|Any CPU.ActiveCfg = Debug|Any CPU
		{973E0856-C51F-4C45-8801-CA636ADCED5E}.Debug|Any CPU.Build.0 = Debug|Any CPU
		{973E0856-C51F-4C45-8801-CA636ADCED5E}.Release|Any CPU.ActiveCfg = Release|Any CPU
		{973E0856-C51F-4C45-8801-CA636ADCED5E}.Release|Any CPU.Build.0 = Release|Any CPU
	EndGlobalSection
	GlobalSection(SolutionProperties) = preSolution
		HideSolutionNode = FALSE
	EndGlobalSection
	GlobalSection(ExtensibilityGlobals) = postSolution
		SolutionGuid = {896B715E-6078-4D4E-BD38-03A93BBAA058}
	EndGlobalSection
EndGlobal
